
Microsoft Visual Studio Solution File, Format Version 12.00
# Visual Studio Version 16
VisualStudioVersion = 16.0.30621.155
MinimumVisualStudioVersion = 10.0.40219.1
Project("{9A19103F-16F7-4668-BE54-9A1E7A4F7556}") = "AlloyMvcTemplates", "AlloyMvcTemplates.csproj", "{C02FDA4C-2BD7-4449-9B9E-F63E8CAF7180}"
EndProject
Global
	GlobalSection(SolutionConfigurationPlatforms) = preSolution
		Debug|Any CPU = Debug|Any CPU
		Release|Any CPU = Release|Any CPU
	EndGlobalSection
	GlobalSection(ProjectConfigurationPlatforms) = postSolution
		{C02FDA4C-2BD7-4449-9B9E-F63E8CAF7180}.Debug|Any CPU.ActiveCfg = Debug|Any CPU
		{C02FDA4C-2BD7-4449-9B9E-F63E8CAF7180}.Debug|Any CPU.Build.0 = Debug|Any CPU
		{C02FDA4C-2BD7-4449-9B9E-F63E8CAF7180}.Release|Any CPU.ActiveCfg = Release|Any CPU
		{C02FDA4C-2BD7-4449-9B9E-F63E8CAF7180}.Release|Any CPU.Build.0 = Release|Any CPU
	EndGlobalSection
	GlobalSection(SolutionProperties) = preSolution
		HideSolutionNode = FALSE
	EndGlobalSection
	GlobalSection(ExtensibilityGlobals) = postSolution
		SolutionGuid = {96D0BE33-3BF8-4BD5-BC44-8796612B2116}
	EndGlobalSection
EndGlobal
